
Microsoft Visual Studio Solution File, Format Version 12.00
# Visual Studio Version 17
VisualStudioVersion = 17.13.35913.81
MinimumVisualStudioVersion = 10.0.40219.1
Project("{FAE04EC0-301F-11D3-BF4B-00C04F79EFBC}") = "ECommerse Medicine", "ECommerse Medicine.csproj", "{C64A5AEC-CA41-4483-8801-DC6199F8DFD3}"
EndProject
Global
	GlobalSection(SolutionConfigurationPlatforms) = preSolution
		Debug|Any CPU = Debug|Any CPU
		Release|Any CPU = Release|Any CPU
	EndGlobalSection
	GlobalSection(ProjectConfigurationPlatforms) = postSolution
		{C64A5AEC-CA41-4483-8801-DC6199F8DFD3}.Debug|Any CPU.ActiveCfg = Debug|Any CPU
		{C64A5AEC-CA41-4483-8801-DC6199F8DFD3}.Debug|Any CPU.Build.0 = Debug|Any CPU
		{C64A5AEC-CA41-4483-8801-DC6199F8DFD3}.Release|Any CPU.ActiveCfg = Release|Any CPU
		{C64A5AEC-CA41-4483-8801-DC6199F8DFD3}.Release|Any CPU.Build.0 = Release|Any CPU
	EndGlobalSection
	GlobalSection(SolutionProperties) = preSolution
		HideSolutionNode = FALSE
	EndGlobalSection
	GlobalSection(ExtensibilityGlobals) = postSolution
		SolutionGuid = {A7F84397-CA4C-48FC-8CE0-A873B16A3607}
	EndGlobalSection
EndGlobal
